// !$*UTF8*$!
{
	archiveVersion = 1;
	classes = {
	};
	objectVersion = 46;
	objects = {

/* Begin PBXBuildFile section */
		56F37E831C85C38C00A4BF18 /* AppDelegate.swift in Sources */ = {isa = PBXBuildFile; fileRef = 56F37E821C85C38C00A4BF18 /* AppDelegate.swift */; };
		56F37E851C85C38C00A4BF18 /* ViewController.swift in Sources */ = {isa = PBXBuildFile; fileRef = 56F37E841C85C38C00A4BF18 /* ViewController.swift */; };
		56F37E881C85C38C00A4BF18 /* Main.storyboard in Resources */ = {isa = PBXBuildFile; fileRef = 56F37E861C85C38C00A4BF18 /* Main.storyboard */; };
		56F37E8B1C85C38C00A4BF18 /* KettleNote.xcdatamodeld in Sources */ = {isa = PBXBuildFile; fileRef = 56F37E891C85C38C00A4BF18 /* KettleNote.xcdatamodeld */; };
		56F37E8D1C85C38C00A4BF18 /* Assets.xcassets in Resources */ = {isa = PBXBuildFile; fileRef = 56F37E8C1C85C38C00A4BF18 /* Assets.xcassets */; };
		56F37E901C85C38C00A4BF18 /* LaunchScreen.storyboard in Resources */ = {isa = PBXBuildFile; fileRef = 56F37E8E1C85C38C00A4BF18 /* LaunchScreen.storyboard */; };
/* End PBXBuildFile section */

/* Begin PBXFileReference section */
		56F37E7F1C85C38C00A4BF18 /* KettleNote.app */ = {isa = PBXFileReference; explicitFileType = wrapper.application; includeInIndex = 0; path = KettleNote.app; sourceTree = BUILT_PRODUCTS_DIR; };
		56F37E821C85C38C00A4BF18 /* AppDelegate.swift */ = {isa = PBXFileReference; lastKnownFileType = sourcecode.swift; path = AppDelegate.swift; sourceTree = "<group>"; };
		56F37E841C85C38C00A4BF18 /* ViewController.swift */ = {isa = PBXFileReference; lastKnownFileType = sourcecode.swift; path = ViewController.swift; sourceTree = "<group>"; };
		56F37E871C85C38C00A4BF18 /* Base */ = {isa = PBXFileReference; lastKnownFileType = file.storyboard; name = Base; path = Base.lproj/Main.storyboard; sourceTree = "<group>"; };
		56F37E8A1C85C38C00A4BF18 /* KettleNote.xcdatamodel */ = {isa = PBXFileReference; lastKnownFileType = wrapper.xcdatamodel; path = KettleNote.xcdatamodel; sourceTree = "<group>"; };
		56F37E8C1C85C38C00A4BF18 /* Assets.xcassets */ = {isa = PBXFileReference; lastKnownFileType = folder.assetcatalog; path = Assets.xcassets; sourceTree = "<group>"; };
		56F37E8F1C85C38C00A4BF18 /* Base */ = {isa = PBXFileReference; lastKnownFileType = file.storyboard; name = Base; path = Base.lproj/LaunchScreen.storyboard; sourceTree = "<group>"; };
		56F37E911C85C38C00A4BF18 /* Info.plist */ = {isa = PBXFileReference; lastKnownFileType = text.plist.xml; path = Info.plist; sourceTree = "<group>"; };
/* End PBXFileReference section */

/* Begin PBXFrameworksBuildPhase section */
		56F37E7C1C85C38C00A4BF18 /* Frameworks */ = {
			isa = PBXFrameworksBuildPhase;
			buildActionMask = 2147483647;
			files = (
			);
			runOnlyForDeploymentPostprocessing = 0;
		};
/* End PBXFrameworksBuildPhase section */

/* Begin PBXGroup section */
		56F37E761C85C38C00A4BF18 = {
			isa = PBXGroup;
			children = (
				56F37E811C85C38C00A4BF18 /* KettleNote */,
				56F37E801C85C38C00A4BF18 /* Products */,
			);
			sourceTree = "<group>";
		};
		56F37E801C85C38C00A4BF18 /* Products */ = {
			isa = PBXGroup;
			children = (
				56F37E7F1C85C38C00A4BF18 /* KettleNote.app */,
			);
			name = Products;
			sourceTree = "<group>";
		};
		56F37E811C85C38C00A4BF18 /* KettleNote */ = {
			isa = PBXGroup;
			children = (
				56F37E821C85C38C00A4BF18 /* AppDelegate.swift */,
				56F37E841C85C38C00A4BF18 /* ViewController.swift */,
				56F37E861C85C38C00A4BF18 /* Main.storyboard */,
				56F37E8C1C85C38C00A4BF18 /* Assets.xcassets */,
				56F37E8E1C85C38C00A4BF18 /* LaunchScreen.storyboard */,
				56F37E911C85C38C00A4BF18 /* Info.plist */,
				56F37E891C85C38C00A4BF18 /* KettleNote.xcdatamodeld */,
			);
			path = KettleNote;
			sourceTree = "<group>";
		};
/* End PBXGroup section */

/* Begin PBXNativeTarget section */
		56F37E7E1C85C38C00A4BF18 /* KettleNote */ = {
			isa = PBXNativeTarget;
			buildConfigurationList = 56F37E941C85C38C00A4BF18 /* Build configuration list for PBXNativeTarget "KettleNote" */;
			buildPhases = (
				56F37E7B1C85C38C00A4BF18 /* Sources */,
				56F37E7C1C85C38C00A4BF18 /* Frameworks */,
				56F37E7D1C85C38C00A4BF18 /* Resources */,
			);
			buildRules = (
			);
			dependencies = (
			);
			name = KettleNote;
			productName = KettleNote;
			productReference = 56F37E7F1C85C38C00A4BF18 /* KettleNote.app */;
			productType = "com.apple.product-type.application";
		};
/* End PBXNativeTarget section */

/* Begin PBXProject section */
		56F37E771C85C38C00A4BF18 /* Project object */ = {
			isa = PBXProject;
			attributes = {
				LastSwiftUpdateCheck = 0720;
				LastUpgradeCheck = 0720;
				ORGANIZATIONNAME = xiaomingsong;
				TargetAttributes = {
					56F37E7E1C85C38C00A4BF18 = {
						CreatedOnToolsVersion = 7.2;
					};
				};
			};
			buildConfigurationList = 56F37E7A1C85C38C00A4BF18 /* Build configuration list for PBXProject "KettleNote" */;
			compatibilityVersion = "Xcode 3.2";
			developmentRegion = English;
			hasScannedForEncodings = 0;
			knownRegions = (
				en,
				Base,
			);
			mainGroup = 56F37E761C85C38C00A4BF18;
			productRefGroup = 56F37E801C85C38C00A4BF18 /* Products */;
			projectDirPath = "";
			projectRoot = "";
			targets = (
				56F37E7E1C85C38C00A4BF18 /* KettleNote */,
			);
		};
/* End PBXProject section */

/* Begin PBXResourcesBuildPhase section */
		56F37E7D1C85C38C00A4BF18 /* Resources */ = {
			isa = PBXResourcesBuildPhase;
			buildActionMask = 2147483647;
			files = (
				56F37E901C85C38C00A4BF18 /* LaunchScreen.storyboard in Resources */,
				56F37E8D1C85C38C00A4BF18 /* Assets.xcassets in Resources */,
				56F37E881C85C38C00A4BF18 /* Main.storyboard in Resources */,
			);
			runOnlyForDeploymentPostprocessing = 0;
		};
/* End PBXResourcesBuildPhase section */

/* Begin PBXSourcesBuildPhase section */
		56F37E7B1C85C38C00A4BF18 /* Sources */ = {
			isa = PBXSourcesBuildPhase;
			buildActionMask = 2147483647;
			files = (
				56F37E8B1C85C38C00A4BF18 /* KettleNote.xcdatamodeld in Sources */,
				56F37E851C85C38C00A4BF18 /* ViewController.swift in Sources */,
				56F37E831C85C38C00A4BF18 /* AppDelegate.swift in Sources */,
			);
			runOnlyForDeploymentPostprocessing = 0;
		};
/* End PBXSourcesBuildPhase section */

/* Begin PBXVariantGroup section */
		56F37E861C85C38C00A4BF18 /* Main.storyboard */ = {
			isa = PBXVariantGroup;
			children = (
				56F37E871C85C38C00A4BF18 /* Base */,
			);
			name = Main.storyboard;
			sourceTree = "<group>";
		};
		56F37E8E1C85C38C00A4BF18 /* LaunchScreen.storyboard */ = {
			isa = PBXVariantGroup;
			children = (
				56F37E8F1C85C38C00A4BF18 /* Base */,
			);
			name = LaunchScreen.storyboard;
			sourceTree = "<group>";
		};
/* End PBXVariantGroup section */

/* Begin XCBuildConfiguration section */
		56F37E921C85C38C00A4BF18 /* Debug */ = {
			isa = XCBuildConfiguration;
			buildSettings = {
				ALWAYS_SEARCH_USER_PATHS = NO;
				CLANG_CXX_LANGUAGE_STANDARD = "gnu++0x";
				CLANG_CXX_LIBRARY = "libc++";
				CLANG_ENABLE_MODULES = YES;
				CLANG_ENABLE_OBJC_ARC = YES;
				CLANG_WARN_BOOL_CONVERSION = YES;
				CLANG_WARN_CONSTANT_CONVERSION = YES;
				CLANG_WARN_DIRECT_OBJC_ISA_USAGE = YES_ERROR;
				CLANG_WARN_EMPTY_BODY = YES;
				CLANG_WARN_ENUM_CONVERSION = YES;
				CLANG_WARN_INT_CONVERSION = YES;
				CLANG_WARN_OBJC_ROOT_CLASS = YES_ERROR;
				CLANG_WARN_UNREACHABLE_CODE = YES;
				CLANG_WARN__DUPLICATE_METHOD_MATCH = YES;
				"CODE_SIGN_IDENTITY[sdk=iphoneos*]" = "iPhone Developer";
				COPY_PHASE_STRIP = NO;
				DEBUG_INFORMATION_FORMAT = dwarf;
				ENABLE_STRICT_OBJC_MSGSEND = YES;
				ENABLE_TESTABILITY = YES;
				GCC_C_LANGUAGE_STANDARD = gnu99;
				GCC_DYNAMIC_NO_PIC = NO;
				GCC_NO_COMMON_BLOCKS = YES;
				GCC_OPTIMIZATION_LEVEL = 0;
				GCC_PREPROCESSOR_DEFINITIONS = (
					"DEBUG=1",
					"$(inherited)",
				);
				GCC_WARN_64_TO_32_BIT_CONVERSION = YES;
				GCC_WARN_ABOUT_RETURN_TYPE = YES_ERROR;
				GCC_WARN_UNDECLARED_SELECTOR = YES;
				GCC_WARN_UNINITIALIZED_AUTOS = YES_AGGRESSIVE;
				GCC_WARN_UNUSED_FUNCTION = YES;
				GCC_WARN_UNUSED_VARIABLE = YES;
				IPHONEOS_DEPLOYMENT_TARGET = 9.2;
				MTL_ENABLE_DEBUG_INFO = YES;
				ONLY_ACTIVE_ARCH = YES;
				SDKROOT = iphoneos;
				SWIFT_OPTIMIZATION_LEVEL = "-Onone";
				TARGETED_DEVICE_FAMILY = "1,2";
			};
			name = Debug;
		};
		56F37E931C85C38C00A4BF18 /* Release */ = {
			isa = XCBuildConfiguration;
			buildSettings = {
				ALWAYS_SEARCH_USER_PATHS = NO;
				CLANG_CXX_LANGUAGE_STANDARD = "gnu++0x";
				CLANG_CXX_LIBRARY = "libc++";
				CLANG_ENABLE_MODULES = YES;
				CLANG_ENABLE_OBJC_ARC = YES;
				CLANG_WARN_BOOL_CONVERSION = YES;
				CLANG_WARN_CONSTANT_CONVERSION = YES;
				CLANG_WARN_DIRECT_OBJC_ISA_USAGE = YES_ERROR;
				CLANG_WARN_EMPTY_BODY = YES;
				CLANG_WARN_ENUM_CONVERSION = YES;
				CLANG_WARN_INT_CONVERSION = YES;
				CLANG_WARN_OBJC_ROOT_CLASS = YES_ERROR;
				CLANG_WARN_UNREACHABLE_CODE = YES;
				CLANG_WARN__DUPLICATE_METHOD_MATCH = YES;
				"CODE_SIGN_IDENTITY[sdk=iphoneos*]" = "iPhone Developer";
				COPY_PHASE_STRIP = NO;
				DEBUG_INFORMATION_FORMAT = "dwarf-with-dsym";
				ENABLE_NS_ASSERTIONS = NO;
				ENABLE_STRICT_OBJC_MSGSEND = YES;
				GCC_C_LANGUAGE_STANDARD = gnu99;
				GCC_NO_COMMON_BLOCKS = YES;
				GCC_WARN_64_TO_32_BIT_CONVERSION = YES;
				GCC_WARN_ABOUT_RETURN_TYPE = YES_ERROR;
				GCC_WARN_UNDECLARED_SELECTOR = YES;
				GCC_WARN_UNINITIALIZED_AUTOS = YES_AGGRESSIVE;
				GCC_WARN_UNUSED_FUNCTION = YES;
				GCC_WARN_UNUSED_VARIABLE = YES;
				IPHONEOS_DEPLOYMENT_TARGET = 9.2;
				MTL_ENABLE_DEBUG_INFO = NO;
				SDKROOT = iphoneos;
				TARGETED_DEVICE_FAMILY = "1,2";
				VALIDATE_PRODUCT = YES;
			};
			name = Release;
		};
		56F37E951C85C38C00A4BF18 /* Debug */ = {
			isa = XCBuildConfiguration;
			buildSettings = {
				ASSETCATALOG_COMPILER_APPICON_NAME = AppIcon;
				INFOPLIST_FILE = KettleNote/Info.plist;
				LD_RUNPATH_SEARCH_PATHS = "$(inherited) @executable_path/Frameworks";
				PRODUCT_BUNDLE_IDENTIFIER = com.ryansong90.KettleNote;
				PRODUCT_NAME = "$(TARGET_NAME)";
			};
			name = Debug;
		};
		56F37E961C85C38C00A4BF18 /* Release */ = {
			isa = XCBuildConfiguration;
			buildSettings = {
				ASSETCATALOG_COMPILER_APPICON_NAME = AppIcon;
				INFOPLIST_FILE = KettleNote/Info.plist;
				LD_RUNPATH_SEARCH_PATHS = "$(inherited) @executable_path/Frameworks";
				PRODUCT_BUNDLE_IDENTIFIER = com.ryansong90.KettleNote;
				PRODUCT_NAME = "$(TARGET_NAME)";
			};
			name = Release;
		};
/* End XCBuildConfiguration section */

/* Begin XCConfigurationList section */
		56F37E7A1C85C38C00A4BF18 /* Build configuration list for PBXProject "KettleNote" */ = {
			isa = XCConfigurationList;
			buildConfigurations = (
				56F37E921C85C38C00A4BF18 /* Debug */,
				56F37E931C85C38C00A4BF18 /* Release */,
			);
			defaultConfigurationIsVisible = 0;
			defaultConfigurationName = Release;
		};
		56F37E941C85C38C00A4BF18 /* Build configuration list for PBXNativeTarget "KettleNote" */ = {
			isa = XCConfigurationList;
			buildConfigurations = (
				56F37E951C85C38C00A4BF18 /* Debug */,
				56F37E961C85C38C00A4BF18 /* Release */,
			);
			defaultConfigurationIsVisible = 0;
		};
/* End XCConfigurationList section */

/* Begin XCVersionGroup section */
		56F37E891C85C38C00A4BF18 /* KettleNote.xcdatamodeld */ = {
			isa = XCVersionGroup;
			children = (
				56F37E8A1C85C38C00A4BF18 /* KettleNote.xcdatamodel */,
			);
			currentVersion = 56F37E8A1C85C38C00A4BF18 /* KettleNote.xcdatamodel */;
			path = KettleNote.xcdatamodeld;
			sourceTree = "<group>";
			versionGroupType = wrapper.xcdatamodel;
		};
/* End XCVersionGroup section */
	};
	rootObject = 56F37E771C85C38C00A4BF18 /* Project object */;
}
